
Microsoft Visual Studio Solution File, Format Version 12.00
# Visual Studio Version 17
VisualStudioVersion = 17.9.34728.123
MinimumVisualStudioVersion = 10.0.40219.1
Project("{54A90642-561A-4BB1-A94E-469ADEE60C69}") = "Dashboard", "Dashboard\Dashboard.esproj", "{C2108247-CE04-43AA-913D-FE7314070305}"
EndProject
Global
	GlobalSection(SolutionConfigurationPlatforms) = preSolution
		Debug|Any CPU = Debug|Any CPU
		Release|Any CPU = Release|Any CPU
	EndGlobalSection
	GlobalSection(ProjectConfigurationPlatforms) = postSolution
		{C2108247-CE04-43AA-913D-FE7314070305}.Debug|Any CPU.ActiveCfg = Debug|Any CPU
		{C2108247-CE04-43AA-913D-FE7314070305}.Debug|Any CPU.Build.0 = Debug|Any CPU
		{C2108247-CE04-43AA-913D-FE7314070305}.Debug|Any CPU.Deploy.0 = Debug|Any CPU
		{C2108247-CE04-43AA-913D-FE7314070305}.Release|Any CPU.ActiveCfg = Release|Any CPU
		{C2108247-CE04-43AA-913D-FE7314070305}.Release|Any CPU.Build.0 = Release|Any CPU
		{C2108247-CE04-43AA-913D-FE7314070305}.Release|Any CPU.Deploy.0 = Release|Any CPU
	EndGlobalSection
	GlobalSection(SolutionProperties) = preSolution
		HideSolutionNode = FALSE
	EndGlobalSection
	GlobalSection(ExtensibilityGlobals) = postSolution
		SolutionGuid = {F81A6457-DB1C-4D30-A18F-24BDCDB45F10}
	EndGlobalSection
EndGlobal
